
Microsoft Visual Studio Solution File, Format Version 11.00
# Visual C++ Express 2010
Project("{8BC9CEB8-8B4A-11D0-8D11-00A0C91BC942}") = "00_空のウィンドウを表示", "Project\00_空のウィンドウを表示.vcxproj", "{473FCCDA-A610-46B1-9D63-20750B09AC7B}"
	ProjectSection(ProjectDependencies) = postProject
		{197ACF84-768C-4A51-BD63-2EAC5743D7C3} = {197ACF84-768C-4A51-BD63-2EAC5743D7C3}
		{882157D9-921E-4890-87EE-46D731581733} = {882157D9-921E-4890-87EE-46D731581733}
		{518F7AE6-8157-43B1-8434-BF965ABBE00F} = {518F7AE6-8157-43B1-8434-BF965ABBE00F}
	EndProjectSection
EndProject
Project("{8BC9CEB8-8B4A-11D0-8D11-00A0C91BC942}") = "01_ウィンドウサイズの設定", "Project\01_ウィンドウサイズの設定.vcxproj", "{0AD7664D-4D85-40A1-B4B0-36FCAC5E48F6}"
	ProjectSection(ProjectDependencies) = postProject
		{197ACF84-768C-4A51-BD63-2EAC5743D7C3} = {197ACF84-768C-4A51-BD63-2EAC5743D7C3}
		{882157D9-921E-4890-87EE-46D731581733} = {882157D9-921E-4890-87EE-46D731581733}
		{518F7AE6-8157-43B1-8434-BF965ABBE00F} = {518F7AE6-8157-43B1-8434-BF965ABBE00F}
	EndProjectSection
EndProject
Project("{8BC9CEB8-8B4A-11D0-8D11-00A0C91BC942}") = "TestLib", "Project\TestLib.vcxproj", "{882157D9-921E-4890-87EE-46D731581733}"
EndProject
Project("{8BC9CEB8-8B4A-11D0-8D11-00A0C91BC942}") = "02_点の描画", "Project\02_点の描画.vcxproj", "{F3396EC5-DCAC-40CF-AEBF-192F76BF1A28}"
	ProjectSection(ProjectDependencies) = postProject
		{197ACF84-768C-4A51-BD63-2EAC5743D7C3} = {197ACF84-768C-4A51-BD63-2EAC5743D7C3}
		{882157D9-921E-4890-87EE-46D731581733} = {882157D9-921E-4890-87EE-46D731581733}
		{518F7AE6-8157-43B1-8434-BF965ABBE00F} = {518F7AE6-8157-43B1-8434-BF965ABBE00F}
	EndProjectSection
EndProject
Project("{8BC9CEB8-8B4A-11D0-8D11-00A0C91BC942}") = "03_線の描画", "Project\03_線の描画.vcxproj", "{E1824639-CE43-45BD-934F-E9AC35C7CA87}"
	ProjectSection(ProjectDependencies) = postProject
		{197ACF84-768C-4A51-BD63-2EAC5743D7C3} = {197ACF84-768C-4A51-BD63-2EAC5743D7C3}
		{882157D9-921E-4890-87EE-46D731581733} = {882157D9-921E-4890-87EE-46D731581733}
		{518F7AE6-8157-43B1-8434-BF965ABBE00F} = {518F7AE6-8157-43B1-8434-BF965ABBE00F}
	EndProjectSection
EndProject
Project("{8BC9CEB8-8B4A-11D0-8D11-00A0C91BC942}") = "04_四角形の描画", "Project\04_四角形の描画.vcxproj", "{4EBFD1D1-7A2A-44F4-8DCD-3E31AB2EA1A6}"
	ProjectSection(ProjectDependencies) = postProject
		{197ACF84-768C-4A51-BD63-2EAC5743D7C3} = {197ACF84-768C-4A51-BD63-2EAC5743D7C3}
		{882157D9-921E-4890-87EE-46D731581733} = {882157D9-921E-4890-87EE-46D731581733}
		{518F7AE6-8157-43B1-8434-BF965ABBE00F} = {518F7AE6-8157-43B1-8434-BF965ABBE00F}
	EndProjectSection
EndProject
Project("{8BC9CEB8-8B4A-11D0-8D11-00A0C91BC942}") = "05_円の描画", "Project\05_円の描画.vcxproj", "{9F5E4422-4A3E-407F-91F5-2B3C9B487EF8}"
	ProjectSection(ProjectDependencies) = postProject
		{197ACF84-768C-4A51-BD63-2EAC5743D7C3} = {197ACF84-768C-4A51-BD63-2EAC5743D7C3}
		{882157D9-921E-4890-87EE-46D731581733} = {882157D9-921E-4890-87EE-46D731581733}
		{518F7AE6-8157-43B1-8434-BF965ABBE00F} = {518F7AE6-8157-43B1-8434-BF965ABBE00F}
	EndProjectSection
EndProject
Project("{8BC9CEB8-8B4A-11D0-8D11-00A0C91BC942}") = "06_ダブルバッファリング", "Project\06_ダブルバッファリング.vcxproj", "{48039F74-C66D-4F19-933A-A469FF754176}"
	ProjectSection(ProjectDependencies) = postProject
		{197ACF84-768C-4A51-BD63-2EAC5743D7C3} = {197ACF84-768C-4A51-BD63-2EAC5743D7C3}
		{882157D9-921E-4890-87EE-46D731581733} = {882157D9-921E-4890-87EE-46D731581733}
		{518F7AE6-8157-43B1-8434-BF965ABBE00F} = {518F7AE6-8157-43B1-8434-BF965ABBE00F}
	EndProjectSection
EndProject
Project("{8BC9CEB8-8B4A-11D0-8D11-00A0C91BC942}") = "07_文字列の描画", "Project\07_文字列の描画.vcxproj", "{8896B3CF-4EE3-4DB2-A94F-9584C3BE7E51}"
	ProjectSection(ProjectDependencies) = postProject
		{197ACF84-768C-4A51-BD63-2EAC5743D7C3} = {197ACF84-768C-4A51-BD63-2EAC5743D7C3}
		{882157D9-921E-4890-87EE-46D731581733} = {882157D9-921E-4890-87EE-46D731581733}
		{518F7AE6-8157-43B1-8434-BF965ABBE00F} = {518F7AE6-8157-43B1-8434-BF965ABBE00F}
	EndProjectSection
EndProject
Project("{8BC9CEB8-8B4A-11D0-8D11-00A0C91BC942}") = "08_板ポリゴンの描画", "Project\08_板ポリゴンの描画.vcxproj", "{8B12F769-46D1-448D-8DF1-8D3DC4C4475A}"
	ProjectSection(ProjectDependencies) = postProject
		{197ACF84-768C-4A51-BD63-2EAC5743D7C3} = {197ACF84-768C-4A51-BD63-2EAC5743D7C3}
		{882157D9-921E-4890-87EE-46D731581733} = {882157D9-921E-4890-87EE-46D731581733}
		{518F7AE6-8157-43B1-8434-BF965ABBE00F} = {518F7AE6-8157-43B1-8434-BF965ABBE00F}
	EndProjectSection
EndProject
Project("{8BC9CEB8-8B4A-11D0-8D11-00A0C91BC942}") = "09_2Dと3D描画の切り替え", "Project\09_2Dと3D描画の切り替え.vcxproj", "{71396332-19D9-4480-AB47-1ACB9519CE27}"
	ProjectSection(ProjectDependencies) = postProject
		{197ACF84-768C-4A51-BD63-2EAC5743D7C3} = {197ACF84-768C-4A51-BD63-2EAC5743D7C3}
		{882157D9-921E-4890-87EE-46D731581733} = {882157D9-921E-4890-87EE-46D731581733}
		{518F7AE6-8157-43B1-8434-BF965ABBE00F} = {518F7AE6-8157-43B1-8434-BF965ABBE00F}
	EndProjectSection
EndProject
Project("{8BC9CEB8-8B4A-11D0-8D11-00A0C91BC942}") = "10_3Dシーンの設定と立方体の表示", "Project\10_3Dシーンの設定と立方体の表示.vcxproj", "{6ACAD109-5FF2-4867-99B3-611BFE32AEEA}"
	ProjectSection(ProjectDependencies) = postProject
		{197ACF84-768C-4A51-BD63-2EAC5743D7C3} = {197ACF84-768C-4A51-BD63-2EAC5743D7C3}
		{882157D9-921E-4890-87EE-46D731581733} = {882157D9-921E-4890-87EE-46D731581733}
		{518F7AE6-8157-43B1-8434-BF965ABBE00F} = {518F7AE6-8157-43B1-8434-BF965ABBE00F}
	EndProjectSection
EndProject
Project("{8BC9CEB8-8B4A-11D0-8D11-00A0C91BC942}") = "11_デプステスト", "Project\11_デプステスト.vcxproj", "{4B50CFFF-B679-44B4-931D-AE18B24F51B5}"
	ProjectSection(ProjectDependencies) = postProject
		{197ACF84-768C-4A51-BD63-2EAC5743D7C3} = {197ACF84-768C-4A51-BD63-2EAC5743D7C3}
		{882157D9-921E-4890-87EE-46D731581733} = {882157D9-921E-4890-87EE-46D731581733}
		{518F7AE6-8157-43B1-8434-BF965ABBE00F} = {518F7AE6-8157-43B1-8434-BF965ABBE00F}
	EndProjectSection
EndProject
Project("{8BC9CEB8-8B4A-11D0-8D11-00A0C91BC942}") = "12_ズームイン・ズームアウト", "Project\12_ズームイン・ズームアウト.vcxproj", "{644AE418-B43A-41A3-AEEC-C3070B5CFE0E}"
	ProjectSection(ProjectDependencies) = postProject
		{197ACF84-768C-4A51-BD63-2EAC5743D7C3} = {197ACF84-768C-4A51-BD63-2EAC5743D7C3}
		{882157D9-921E-4890-87EE-46D731581733} = {882157D9-921E-4890-87EE-46D731581733}
		{518F7AE6-8157-43B1-8434-BF965ABBE00F} = {518F7AE6-8157-43B1-8434-BF965ABBE00F}
	EndProjectSection
EndProject
Project("{8BC9CEB8-8B4A-11D0-8D11-00A0C91BC942}") = "13_トーラス(円環)の描画", "Project\13_トーラス(円環)の描画.vcxproj", "{31A3AD00-E06C-485F-ADBC-7420F451CB42}"
	ProjectSection(ProjectDependencies) = postProject
		{197ACF84-768C-4A51-BD63-2EAC5743D7C3} = {197ACF84-768C-4A51-BD63-2EAC5743D7C3}
		{882157D9-921E-4890-87EE-46D731581733} = {882157D9-921E-4890-87EE-46D731581733}
		{518F7AE6-8157-43B1-8434-BF965ABBE00F} = {518F7AE6-8157-43B1-8434-BF965ABBE00F}
	EndProjectSection
EndProject
Project("{8BC9CEB8-8B4A-11D0-8D11-00A0C91BC942}") = "14_円錐の描画と拡大縮小", "Project\14_円錐の描画と拡大縮小.vcxproj", "{627E65B5-5E2D-43D0-9140-19CEEEED4B36}"
	ProjectSection(ProjectDependencies) = postProject
		{197ACF84-768C-4A51-BD63-2EAC5743D7C3} = {197ACF84-768C-4A51-BD63-2EAC5743D7C3}
		{882157D9-921E-4890-87EE-46D731581733} = {882157D9-921E-4890-87EE-46D731581733}
		{518F7AE6-8157-43B1-8434-BF965ABBE00F} = {518F7AE6-8157-43B1-8434-BF965ABBE00F}
	EndProjectSection
EndProject
Project("{8BC9CEB8-8B4A-11D0-8D11-00A0C91BC942}") = "15_円柱を自力で描画", "Project\15_円柱を自力で描画.vcxproj", "{C096ECEF-7735-47F9-A6B8-8EDCD17B7F80}"
	ProjectSection(ProjectDependencies) = postProject
		{197ACF84-768C-4A51-BD63-2EAC5743D7C3} = {197ACF84-768C-4A51-BD63-2EAC5743D7C3}
		{882157D9-921E-4890-87EE-46D731581733} = {882157D9-921E-4890-87EE-46D731581733}
		{518F7AE6-8157-43B1-8434-BF965ABBE00F} = {518F7AE6-8157-43B1-8434-BF965ABBE00F}
	EndProjectSection
EndProject
Project("{8BC9CEB8-8B4A-11D0-8D11-00A0C91BC942}") = "16_直方体を自力で描画", "Project\16_直方体を自力で描画.vcxproj", "{C04D6A85-ED93-4EEA-9E56-A62508536212}"
	ProjectSection(ProjectDependencies) = postProject
		{197ACF84-768C-4A51-BD63-2EAC5743D7C3} = {197ACF84-768C-4A51-BD63-2EAC5743D7C3}
		{882157D9-921E-4890-87EE-46D731581733} = {882157D9-921E-4890-87EE-46D731581733}
		{518F7AE6-8157-43B1-8434-BF965ABBE00F} = {518F7AE6-8157-43B1-8434-BF965ABBE00F}
	EndProjectSection
EndProject
Project("{8BC9CEB8-8B4A-11D0-8D11-00A0C91BC942}") = "17_指定座標で円運動", "Project\17_指定座標で円運動.vcxproj", "{18000145-9FF3-4BE9-AFD8-B41CD338D483}"
	ProjectSection(ProjectDependencies) = postProject
		{197ACF84-768C-4A51-BD63-2EAC5743D7C3} = {197ACF84-768C-4A51-BD63-2EAC5743D7C3}
		{882157D9-921E-4890-87EE-46D731581733} = {882157D9-921E-4890-87EE-46D731581733}
		{518F7AE6-8157-43B1-8434-BF965ABBE00F} = {518F7AE6-8157-43B1-8434-BF965ABBE00F}
	EndProjectSection
EndProject
Project("{8BC9CEB8-8B4A-11D0-8D11-00A0C91BC942}") = "18_フラットシェーディング", "Project\18_フラットシェーディング.vcxproj", "{3E3918E2-CD2F-493B-BC6E-A4D50D634B48}"
	ProjectSection(ProjectDependencies) = postProject
		{197ACF84-768C-4A51-BD63-2EAC5743D7C3} = {197ACF84-768C-4A51-BD63-2EAC5743D7C3}
		{882157D9-921E-4890-87EE-46D731581733} = {882157D9-921E-4890-87EE-46D731581733}
		{518F7AE6-8157-43B1-8434-BF965ABBE00F} = {518F7AE6-8157-43B1-8434-BF965ABBE00F}
	EndProjectSection
EndProject
Project("{8BC9CEB8-8B4A-11D0-8D11-00A0C91BC942}") = "20_スムースシェーディング", "Project\20_スムースシェーディング.vcxproj", "{8543268C-238B-46BF-BEA7-AB4D039F68DB}"
	ProjectSection(ProjectDependencies) = postProject
		{197ACF84-768C-4A51-BD63-2EAC5743D7C3} = {197ACF84-768C-4A51-BD63-2EAC5743D7C3}
		{882157D9-921E-4890-87EE-46D731581733} = {882157D9-921E-4890-87EE-46D731581733}
		{518F7AE6-8157-43B1-8434-BF965ABBE00F} = {518F7AE6-8157-43B1-8434-BF965ABBE00F}
	EndProjectSection
EndProject
Project("{8BC9CEB8-8B4A-11D0-8D11-00A0C91BC942}") = "21_マテリアルの設定", "Project\21_マテリアルの設定.vcxproj", "{6D14995C-A55B-4071-A35E-B2285DDD95B7}"
	ProjectSection(ProjectDependencies) = postProject
		{197ACF84-768C-4A51-BD63-2EAC5743D7C3} = {197ACF84-768C-4A51-BD63-2EAC5743D7C3}
		{882157D9-921E-4890-87EE-46D731581733} = {882157D9-921E-4890-87EE-46D731581733}
		{518F7AE6-8157-43B1-8434-BF965ABBE00F} = {518F7AE6-8157-43B1-8434-BF965ABBE00F}
	EndProjectSection
EndProject
Project("{8BC9CEB8-8B4A-11D0-8D11-00A0C91BC942}") = "19_ワイヤーフレーム表示", "Project\19_ワイヤーフレーム表示.vcxproj", "{631BFC30-91C6-470B-95F7-1CE69E49C2E7}"
	ProjectSection(ProjectDependencies) = postProject
		{197ACF84-768C-4A51-BD63-2EAC5743D7C3} = {197ACF84-768C-4A51-BD63-2EAC5743D7C3}
		{882157D9-921E-4890-87EE-46D731581733} = {882157D9-921E-4890-87EE-46D731581733}
		{518F7AE6-8157-43B1-8434-BF965ABBE00F} = {518F7AE6-8157-43B1-8434-BF965ABBE00F}
	EndProjectSection
EndProject
Project("{8BC9CEB8-8B4A-11D0-8D11-00A0C91BC942}") = "22_カラーマテリアル", "Project\22_カラーマテリアル.vcxproj", "{50FF6129-7224-4CCD-BA78-EB124FCD341D}"
	ProjectSection(ProjectDependencies) = postProject
		{197ACF84-768C-4A51-BD63-2EAC5743D7C3} = {197ACF84-768C-4A51-BD63-2EAC5743D7C3}
		{882157D9-921E-4890-87EE-46D731581733} = {882157D9-921E-4890-87EE-46D731581733}
		{518F7AE6-8157-43B1-8434-BF965ABBE00F} = {518F7AE6-8157-43B1-8434-BF965ABBE00F}
	EndProjectSection
EndProject
Project("{8BC9CEB8-8B4A-11D0-8D11-00A0C91BC942}") = "23_glpngで画像を描画", "Project\23_glpngで画像で描画.vcxproj", "{81931388-593C-47F2-AA5A-74DE2344A31C}"
	ProjectSection(ProjectDependencies) = postProject
		{197ACF84-768C-4A51-BD63-2EAC5743D7C3} = {197ACF84-768C-4A51-BD63-2EAC5743D7C3}
		{882157D9-921E-4890-87EE-46D731581733} = {882157D9-921E-4890-87EE-46D731581733}
		{518F7AE6-8157-43B1-8434-BF965ABBE00F} = {518F7AE6-8157-43B1-8434-BF965ABBE00F}
	EndProjectSection
EndProject
Project("{8BC9CEB8-8B4A-11D0-8D11-00A0C91BC942}") = "glpng", "Project\glpng.vcxproj", "{197ACF84-768C-4A51-BD63-2EAC5743D7C3}"
EndProject
Project("{8BC9CEB8-8B4A-11D0-8D11-00A0C91BC942}") = "24_テクスチャマトリクス", "Project\24_テクスチャマトリクス.vcxproj", "{FBE6FF0E-BD00-4F45-B753-D332D4917667}"
	ProjectSection(ProjectDependencies) = postProject
		{197ACF84-768C-4A51-BD63-2EAC5743D7C3} = {197ACF84-768C-4A51-BD63-2EAC5743D7C3}
		{882157D9-921E-4890-87EE-46D731581733} = {882157D9-921E-4890-87EE-46D731581733}
		{518F7AE6-8157-43B1-8434-BF965ABBE00F} = {518F7AE6-8157-43B1-8434-BF965ABBE00F}
	EndProjectSection
EndProject
Project("{8BC9CEB8-8B4A-11D0-8D11-00A0C91BC942}") = "lodepng", "Project\lodepng.vcxproj", "{518F7AE6-8157-43B1-8434-BF965ABBE00F}"
EndProject
Project("{8BC9CEB8-8B4A-11D0-8D11-00A0C91BC942}") = "25_lodepngで画像を描画", "Project\25_lodepngで画像を描画.vcxproj", "{8A457A51-009D-40D1-98B3-50D742FF6480}"
	ProjectSection(ProjectDependencies) = postProject
		{197ACF84-768C-4A51-BD63-2EAC5743D7C3} = {197ACF84-768C-4A51-BD63-2EAC5743D7C3}
		{882157D9-921E-4890-87EE-46D731581733} = {882157D9-921E-4890-87EE-46D731581733}
		{518F7AE6-8157-43B1-8434-BF965ABBE00F} = {518F7AE6-8157-43B1-8434-BF965ABBE00F}
	EndProjectSection
EndProject
Project("{8BC9CEB8-8B4A-11D0-8D11-00A0C91BC942}") = "26_キーボードの入力", "Project\26_キーボードの入力.vcxproj", "{2F811CCC-B55E-4116-B0EA-E7D2185FD4E1}"
	ProjectSection(ProjectDependencies) = postProject
		{197ACF84-768C-4A51-BD63-2EAC5743D7C3} = {197ACF84-768C-4A51-BD63-2EAC5743D7C3}
		{882157D9-921E-4890-87EE-46D731581733} = {882157D9-921E-4890-87EE-46D731581733}
		{518F7AE6-8157-43B1-8434-BF965ABBE00F} = {518F7AE6-8157-43B1-8434-BF965ABBE00F}
	EndProjectSection
EndProject
Project("{8BC9CEB8-8B4A-11D0-8D11-00A0C91BC942}") = "27_ミップマップ", "Project\27_ミップマップ.vcxproj", "{9C24F093-A1C3-4BC9-A0B8-5E98DB04EB78}"
	ProjectSection(ProjectDependencies) = postProject
		{197ACF84-768C-4A51-BD63-2EAC5743D7C3} = {197ACF84-768C-4A51-BD63-2EAC5743D7C3}
		{882157D9-921E-4890-87EE-46D731581733} = {882157D9-921E-4890-87EE-46D731581733}
		{518F7AE6-8157-43B1-8434-BF965ABBE00F} = {518F7AE6-8157-43B1-8434-BF965ABBE00F}
	EndProjectSection
EndProject
Project("{8BC9CEB8-8B4A-11D0-8D11-00A0C91BC942}") = "28_ミップマップのテクスチャ補間フィルタ", "Project\28_ミップマップのテクスチャ補間フィルタ.vcxproj", "{39775020-1205-4972-9032-E8AD0ACE5C95}"
	ProjectSection(ProjectDependencies) = postProject
		{197ACF84-768C-4A51-BD63-2EAC5743D7C3} = {197ACF84-768C-4A51-BD63-2EAC5743D7C3}
		{882157D9-921E-4890-87EE-46D731581733} = {882157D9-921E-4890-87EE-46D731581733}
		{518F7AE6-8157-43B1-8434-BF965ABBE00F} = {518F7AE6-8157-43B1-8434-BF965ABBE00F}
	EndProjectSection
EndProject
Project("{8BC9CEB8-8B4A-11D0-8D11-00A0C91BC942}") = "29_バイリニアフィルタリング", "Project\29_バイリニアフィルタリング.vcxproj", "{97284E0C-F55E-4D6A-BBB2-46840FA5334D}"
	ProjectSection(ProjectDependencies) = postProject
		{197ACF84-768C-4A51-BD63-2EAC5743D7C3} = {197ACF84-768C-4A51-BD63-2EAC5743D7C3}
		{882157D9-921E-4890-87EE-46D731581733} = {882157D9-921E-4890-87EE-46D731581733}
		{518F7AE6-8157-43B1-8434-BF965ABBE00F} = {518F7AE6-8157-43B1-8434-BF965ABBE00F}
	EndProjectSection
EndProject
Project("{8BC9CEB8-8B4A-11D0-8D11-00A0C91BC942}") = "30_異方性フィルタリング", "Project\30_異方性フィルタリング.vcxproj", "{FB31C4E5-91CC-4499-96E4-CF291DF162FF}"
	ProjectSection(ProjectDependencies) = postProject
		{197ACF84-768C-4A51-BD63-2EAC5743D7C3} = {197ACF84-768C-4A51-BD63-2EAC5743D7C3}
		{882157D9-921E-4890-87EE-46D731581733} = {882157D9-921E-4890-87EE-46D731581733}
		{518F7AE6-8157-43B1-8434-BF965ABBE00F} = {518F7AE6-8157-43B1-8434-BF965ABBE00F}
	EndProjectSection
EndProject
Project("{8BC9CEB8-8B4A-11D0-8D11-00A0C91BC942}") = "31_任意軸回転", "Project\31_任意軸回転.vcxproj", "{E55297F4-121E-4EE8-A6CE-A67275D9393C}"
EndProject
Project("{8BC9CEB8-8B4A-11D0-8D11-00A0C91BC942}") = "32_法線", "Project\32_法線.vcxproj", "{FF0F694E-5C6F-485C-B5BA-9D8CB91E24A2}"
EndProject
Project("{8BC9CEB8-8B4A-11D0-8D11-00A0C91BC942}") = "33_陰面消去", "Project\33_陰面消去.vcxproj", "{1A91086F-C269-4A50-B309-23EB6379556B}"
EndProject
Project("{8BC9CEB8-8B4A-11D0-8D11-00A0C91BC942}") = "34_アルファブレンディング", "Project\34_アルファブレンディング.vcxproj", "{43B2EBA5-11C0-4845-B2A3-439847C71BB9}"
EndProject
Project("{8BC9CEB8-8B4A-11D0-8D11-00A0C91BC942}") = "35_アルファテスト", "Project\35_アルファテスト.vcxproj", "{BFD2E393-0F0F-4949-9290-034AC80639F4}"
EndProject
Global
	GlobalSection(SolutionConfigurationPlatforms) = preSolution
		Debug MX|Win32 = Debug MX|Win32
		Debug|Win32 = Debug|Win32
		Release MX|Win32 = Release MX|Win32
		Release|Win32 = Release|Win32
	EndGlobalSection
	GlobalSection(ProjectConfigurationPlatforms) = postSolution
		{473FCCDA-A610-46B1-9D63-20750B09AC7B}.Debug MX|Win32.ActiveCfg = Debug|Win32
		{473FCCDA-A610-46B1-9D63-20750B09AC7B}.Debug MX|Win32.Build.0 = Debug|Win32
		{473FCCDA-A610-46B1-9D63-20750B09AC7B}.Debug|Win32.ActiveCfg = Debug|Win32
		{473FCCDA-A610-46B1-9D63-20750B09AC7B}.Debug|Win32.Build.0 = Debug|Win32
		{473FCCDA-A610-46B1-9D63-20750B09AC7B}.Release MX|Win32.ActiveCfg = Release|Win32
		{473FCCDA-A610-46B1-9D63-20750B09AC7B}.Release MX|Win32.Build.0 = Release|Win32
		{473FCCDA-A610-46B1-9D63-20750B09AC7B}.Release|Win32.ActiveCfg = Release|Win32
		{473FCCDA-A610-46B1-9D63-20750B09AC7B}.Release|Win32.Build.0 = Release|Win32
		{0AD7664D-4D85-40A1-B4B0-36FCAC5E48F6}.Debug MX|Win32.ActiveCfg = Debug|Win32
		{0AD7664D-4D85-40A1-B4B0-36FCAC5E48F6}.Debug MX|Win32.Build.0 = Debug|Win32
		{0AD7664D-4D85-40A1-B4B0-36FCAC5E48F6}.Debug|Win32.ActiveCfg = Debug|Win32
		{0AD7664D-4D85-40A1-B4B0-36FCAC5E48F6}.Debug|Win32.Build.0 = Debug|Win32
		{0AD7664D-4D85-40A1-B4B0-36FCAC5E48F6}.Release MX|Win32.ActiveCfg = Release|Win32
		{0AD7664D-4D85-40A1-B4B0-36FCAC5E48F6}.Release MX|Win32.Build.0 = Release|Win32
		{0AD7664D-4D85-40A1-B4B0-36FCAC5E48F6}.Release|Win32.ActiveCfg = Release|Win32
		{0AD7664D-4D85-40A1-B4B0-36FCAC5E48F6}.Release|Win32.Build.0 = Release|Win32
		{882157D9-921E-4890-87EE-46D731581733}.Debug MX|Win32.ActiveCfg = Debug|Win32
		{882157D9-921E-4890-87EE-46D731581733}.Debug MX|Win32.Build.0 = Debug|Win32
		{882157D9-921E-4890-87EE-46D731581733}.Debug|Win32.ActiveCfg = Debug|Win32
		{882157D9-921E-4890-87EE-46D731581733}.Debug|Win32.Build.0 = Debug|Win32
		{882157D9-921E-4890-87EE-46D731581733}.Release MX|Win32.ActiveCfg = Release|Win32
		{882157D9-921E-4890-87EE-46D731581733}.Release MX|Win32.Build.0 = Release|Win32
		{882157D9-921E-4890-87EE-46D731581733}.Release|Win32.ActiveCfg = Release|Win32
		{882157D9-921E-4890-87EE-46D731581733}.Release|Win32.Build.0 = Release|Win32
		{F3396EC5-DCAC-40CF-AEBF-192F76BF1A28}.Debug MX|Win32.ActiveCfg = Debug|Win32
		{F3396EC5-DCAC-40CF-AEBF-192F76BF1A28}.Debug MX|Win32.Build.0 = Debug|Win32
		{F3396EC5-DCAC-40CF-AEBF-192F76BF1A28}.Debug|Win32.ActiveCfg = Debug|Win32
		{F3396EC5-DCAC-40CF-AEBF-192F76BF1A28}.Debug|Win32.Build.0 = Debug|Win32
		{F3396EC5-DCAC-40CF-AEBF-192F76BF1A28}.Release MX|Win32.ActiveCfg = Release|Win32
		{F3396EC5-DCAC-40CF-AEBF-192F76BF1A28}.Release MX|Win32.Build.0 = Release|Win32
		{F3396EC5-DCAC-40CF-AEBF-192F76BF1A28}.Release|Win32.ActiveCfg = Release|Win32
		{F3396EC5-DCAC-40CF-AEBF-192F76BF1A28}.Release|Win32.Build.0 = Release|Win32
		{E1824639-CE43-45BD-934F-E9AC35C7CA87}.Debug MX|Win32.ActiveCfg = Debug|Win32
		{E1824639-CE43-45BD-934F-E9AC35C7CA87}.Debug MX|Win32.Build.0 = Debug|Win32
		{E1824639-CE43-45BD-934F-E9AC35C7CA87}.Debug|Win32.ActiveCfg = Debug|Win32
		{E1824639-CE43-45BD-934F-E9AC35C7CA87}.Debug|Win32.Build.0 = Debug|Win32
		{E1824639-CE43-45BD-934F-E9AC35C7CA87}.Release MX|Win32.ActiveCfg = Release|Win32
		{E1824639-CE43-45BD-934F-E9AC35C7CA87}.Release MX|Win32.Build.0 = Release|Win32
		{E1824639-CE43-45BD-934F-E9AC35C7CA87}.Release|Win32.ActiveCfg = Release|Win32
		{E1824639-CE43-45BD-934F-E9AC35C7CA87}.Release|Win32.Build.0 = Release|Win32
		{4EBFD1D1-7A2A-44F4-8DCD-3E31AB2EA1A6}.Debug MX|Win32.ActiveCfg = Debug|Win32
		{4EBFD1D1-7A2A-44F4-8DCD-3E31AB2EA1A6}.Debug MX|Win32.Build.0 = Debug|Win32
		{4EBFD1D1-7A2A-44F4-8DCD-3E31AB2EA1A6}.Debug|Win32.ActiveCfg = Debug|Win32
		{4EBFD1D1-7A2A-44F4-8DCD-3E31AB2EA1A6}.Debug|Win32.Build.0 = Debug|Win32
		{4EBFD1D1-7A2A-44F4-8DCD-3E31AB2EA1A6}.Release MX|Win32.ActiveCfg = Release|Win32
		{4EBFD1D1-7A2A-44F4-8DCD-3E31AB2EA1A6}.Release MX|Win32.Build.0 = Release|Win32
		{4EBFD1D1-7A2A-44F4-8DCD-3E31AB2EA1A6}.Release|Win32.ActiveCfg = Release|Win32
		{4EBFD1D1-7A2A-44F4-8DCD-3E31AB2EA1A6}.Release|Win32.Build.0 = Release|Win32
		{9F5E4422-4A3E-407F-91F5-2B3C9B487EF8}.Debug MX|Win32.ActiveCfg = Debug|Win32
		{9F5E4422-4A3E-407F-91F5-2B3C9B487EF8}.Debug MX|Win32.Build.0 = Debug|Win32
		{9F5E4422-4A3E-407F-91F5-2B3C9B487EF8}.Debug|Win32.ActiveCfg = Debug|Win32
		{9F5E4422-4A3E-407F-91F5-2B3C9B487EF8}.Debug|Win32.Build.0 = Debug|Win32
		{9F5E4422-4A3E-407F-91F5-2B3C9B487EF8}.Release MX|Win32.ActiveCfg = Release|Win32
		{9F5E4422-4A3E-407F-91F5-2B3C9B487EF8}.Release MX|Win32.Build.0 = Release|Win32
		{9F5E4422-4A3E-407F-91F5-2B3C9B487EF8}.Release|Win32.ActiveCfg = Release|Win32
		{9F5E4422-4A3E-407F-91F5-2B3C9B487EF8}.Release|Win32.Build.0 = Release|Win32
		{48039F74-C66D-4F19-933A-A469FF754176}.Debug MX|Win32.ActiveCfg = Debug|Win32
		{48039F74-C66D-4F19-933A-A469FF754176}.Debug MX|Win32.Build.0 = Debug|Win32
		{48039F74-C66D-4F19-933A-A469FF754176}.Debug|Win32.ActiveCfg = Debug|Win32
		{48039F74-C66D-4F19-933A-A469FF754176}.Debug|Win32.Build.0 = Debug|Win32
		{48039F74-C66D-4F19-933A-A469FF754176}.Release MX|Win32.ActiveCfg = Release|Win32
		{48039F74-C66D-4F19-933A-A469FF754176}.Release MX|Win32.Build.0 = Release|Win32
		{48039F74-C66D-4F19-933A-A469FF754176}.Release|Win32.ActiveCfg = Release|Win32
		{48039F74-C66D-4F19-933A-A469FF754176}.Release|Win32.Build.0 = Release|Win32
		{8896B3CF-4EE3-4DB2-A94F-9584C3BE7E51}.Debug MX|Win32.ActiveCfg = Debug|Win32
		{8896B3CF-4EE3-4DB2-A94F-9584C3BE7E51}.Debug MX|Win32.Build.0 = Debug|Win32
		{8896B3CF-4EE3-4DB2-A94F-9584C3BE7E51}.Debug|Win32.ActiveCfg = Debug|Win32
		{8896B3CF-4EE3-4DB2-A94F-9584C3BE7E51}.Debug|Win32.Build.0 = Debug|Win32
		{8896B3CF-4EE3-4DB2-A94F-9584C3BE7E51}.Release MX|Win32.ActiveCfg = Release|Win32
		{8896B3CF-4EE3-4DB2-A94F-9584C3BE7E51}.Release MX|Win32.Build.0 = Release|Win32
		{8896B3CF-4EE3-4DB2-A94F-9584C3BE7E51}.Release|Win32.ActiveCfg = Release|Win32
		{8896B3CF-4EE3-4DB2-A94F-9584C3BE7E51}.Release|Win32.Build.0 = Release|Win32
		{8B12F769-46D1-448D-8DF1-8D3DC4C4475A}.Debug MX|Win32.ActiveCfg = Debug|Win32
		{8B12F769-46D1-448D-8DF1-8D3DC4C4475A}.Debug MX|Win32.Build.0 = Debug|Win32
		{8B12F769-46D1-448D-8DF1-8D3DC4C4475A}.Debug|Win32.ActiveCfg = Debug|Win32
		{8B12F769-46D1-448D-8DF1-8D3DC4C4475A}.Debug|Win32.Build.0 = Debug|Win32
		{8B12F769-46D1-448D-8DF1-8D3DC4C4475A}.Release MX|Win32.ActiveCfg = Release|Win32
		{8B12F769-46D1-448D-8DF1-8D3DC4C4475A}.Release MX|Win32.Build.0 = Release|Win32
		{8B12F769-46D1-448D-8DF1-8D3DC4C4475A}.Release|Win32.ActiveCfg = Release|Win32
		{8B12F769-46D1-448D-8DF1-8D3DC4C4475A}.Release|Win32.Build.0 = Release|Win32
		{71396332-19D9-4480-AB47-1ACB9519CE27}.Debug MX|Win32.ActiveCfg = Debug|Win32
		{71396332-19D9-4480-AB47-1ACB9519CE27}.Debug MX|Win32.Build.0 = Debug|Win32
		{71396332-19D9-4480-AB47-1ACB9519CE27}.Debug|Win32.ActiveCfg = Debug|Win32
		{71396332-19D9-4480-AB47-1ACB9519CE27}.Debug|Win32.Build.0 = Debug|Win32
		{71396332-19D9-4480-AB47-1ACB9519CE27}.Release MX|Win32.ActiveCfg = Release|Win32
		{71396332-19D9-4480-AB47-1ACB9519CE27}.Release MX|Win32.Build.0 = Release|Win32
		{71396332-19D9-4480-AB47-1ACB9519CE27}.Release|Win32.ActiveCfg = Release|Win32
		{71396332-19D9-4480-AB47-1ACB9519CE27}.Release|Win32.Build.0 = Release|Win32
		{6ACAD109-5FF2-4867-99B3-611BFE32AEEA}.Debug MX|Win32.ActiveCfg = Debug|Win32
		{6ACAD109-5FF2-4867-99B3-611BFE32AEEA}.Debug MX|Win32.Build.0 = Debug|Win32
		{6ACAD109-5FF2-4867-99B3-611BFE32AEEA}.Debug|Win32.ActiveCfg = Debug|Win32
		{6ACAD109-5FF2-4867-99B3-611BFE32AEEA}.Debug|Win32.Build.0 = Debug|Win32
		{6ACAD109-5FF2-4867-99B3-611BFE32AEEA}.Release MX|Win32.ActiveCfg = Release|Win32
		{6ACAD109-5FF2-4867-99B3-611BFE32AEEA}.Release MX|Win32.Build.0 = Release|Win32
		{6ACAD109-5FF2-4867-99B3-611BFE32AEEA}.Release|Win32.ActiveCfg = Release|Win32
		{6ACAD109-5FF2-4867-99B3-611BFE32AEEA}.Release|Win32.Build.0 = Release|Win32
		{4B50CFFF-B679-44B4-931D-AE18B24F51B5}.Debug MX|Win32.ActiveCfg = Debug|Win32
		{4B50CFFF-B679-44B4-931D-AE18B24F51B5}.Debug MX|Win32.Build.0 = Debug|Win32
		{4B50CFFF-B679-44B4-931D-AE18B24F51B5}.Debug|Win32.ActiveCfg = Debug|Win32
		{4B50CFFF-B679-44B4-931D-AE18B24F51B5}.Debug|Win32.Build.0 = Debug|Win32
		{4B50CFFF-B679-44B4-931D-AE18B24F51B5}.Release MX|Win32.ActiveCfg = Release|Win32
		{4B50CFFF-B679-44B4-931D-AE18B24F51B5}.Release MX|Win32.Build.0 = Release|Win32
		{4B50CFFF-B679-44B4-931D-AE18B24F51B5}.Release|Win32.ActiveCfg = Release|Win32
		{4B50CFFF-B679-44B4-931D-AE18B24F51B5}.Release|Win32.Build.0 = Release|Win32
		{644AE418-B43A-41A3-AEEC-C3070B5CFE0E}.Debug MX|Win32.ActiveCfg = Debug|Win32
		{644AE418-B43A-41A3-AEEC-C3070B5CFE0E}.Debug MX|Win32.Build.0 = Debug|Win32
		{644AE418-B43A-41A3-AEEC-C3070B5CFE0E}.Debug|Win32.ActiveCfg = Debug|Win32
		{644AE418-B43A-41A3-AEEC-C3070B5CFE0E}.Debug|Win32.Build.0 = Debug|Win32
		{644AE418-B43A-41A3-AEEC-C3070B5CFE0E}.Release MX|Win32.ActiveCfg = Release|Win32
		{644AE418-B43A-41A3-AEEC-C3070B5CFE0E}.Release MX|Win32.Build.0 = Release|Win32
		{644AE418-B43A-41A3-AEEC-C3070B5CFE0E}.Release|Win32.ActiveCfg = Release|Win32
		{644AE418-B43A-41A3-AEEC-C3070B5CFE0E}.Release|Win32.Build.0 = Release|Win32
		{31A3AD00-E06C-485F-ADBC-7420F451CB42}.Debug MX|Win32.ActiveCfg = Debug|Win32
		{31A3AD00-E06C-485F-ADBC-7420F451CB42}.Debug MX|Win32.Build.0 = Debug|Win32
		{31A3AD00-E06C-485F-ADBC-7420F451CB42}.Debug|Win32.ActiveCfg = Debug|Win32
		{31A3AD00-E06C-485F-ADBC-7420F451CB42}.Debug|Win32.Build.0 = Debug|Win32
		{31A3AD00-E06C-485F-ADBC-7420F451CB42}.Release MX|Win32.ActiveCfg = Release|Win32
		{31A3AD00-E06C-485F-ADBC-7420F451CB42}.Release MX|Win32.Build.0 = Release|Win32
		{31A3AD00-E06C-485F-ADBC-7420F451CB42}.Release|Win32.ActiveCfg = Release|Win32
		{31A3AD00-E06C-485F-ADBC-7420F451CB42}.Release|Win32.Build.0 = Release|Win32
		{627E65B5-5E2D-43D0-9140-19CEEEED4B36}.Debug MX|Win32.ActiveCfg = Debug|Win32
		{627E65B5-5E2D-43D0-9140-19CEEEED4B36}.Debug MX|Win32.Build.0 = Debug|Win32
		{627E65B5-5E2D-43D0-9140-19CEEEED4B36}.Debug|Win32.ActiveCfg = Debug|Win32
		{627E65B5-5E2D-43D0-9140-19CEEEED4B36}.Debug|Win32.Build.0 = Debug|Win32
		{627E65B5-5E2D-43D0-9140-19CEEEED4B36}.Release MX|Win32.ActiveCfg = Release|Win32
		{627E65B5-5E2D-43D0-9140-19CEEEED4B36}.Release MX|Win32.Build.0 = Release|Win32
		{627E65B5-5E2D-43D0-9140-19CEEEED4B36}.Release|Win32.ActiveCfg = Release|Win32
		{627E65B5-5E2D-43D0-9140-19CEEEED4B36}.Release|Win32.Build.0 = Release|Win32
		{C096ECEF-7735-47F9-A6B8-8EDCD17B7F80}.Debug MX|Win32.ActiveCfg = Debug|Win32
		{C096ECEF-7735-47F9-A6B8-8EDCD17B7F80}.Debug MX|Win32.Build.0 = Debug|Win32
		{C096ECEF-7735-47F9-A6B8-8EDCD17B7F80}.Debug|Win32.ActiveCfg = Debug|Win32
		{C096ECEF-7735-47F9-A6B8-8EDCD17B7F80}.Debug|Win32.Build.0 = Debug|Win32
		{C096ECEF-7735-47F9-A6B8-8EDCD17B7F80}.Release MX|Win32.ActiveCfg = Release|Win32
		{C096ECEF-7735-47F9-A6B8-8EDCD17B7F80}.Release MX|Win32.Build.0 = Release|Win32
		{C096ECEF-7735-47F9-A6B8-8EDCD17B7F80}.Release|Win32.ActiveCfg = Release|Win32
		{C096ECEF-7735-47F9-A6B8-8EDCD17B7F80}.Release|Win32.Build.0 = Release|Win32
		{C04D6A85-ED93-4EEA-9E56-A62508536212}.Debug MX|Win32.ActiveCfg = Debug|Win32
		{C04D6A85-ED93-4EEA-9E56-A62508536212}.Debug MX|Win32.Build.0 = Debug|Win32
		{C04D6A85-ED93-4EEA-9E56-A62508536212}.Debug|Win32.ActiveCfg = Debug|Win32
		{C04D6A85-ED93-4EEA-9E56-A62508536212}.Debug|Win32.Build.0 = Debug|Win32
		{C04D6A85-ED93-4EEA-9E56-A62508536212}.Release MX|Win32.ActiveCfg = Release|Win32
		{C04D6A85-ED93-4EEA-9E56-A62508536212}.Release MX|Win32.Build.0 = Release|Win32
		{C04D6A85-ED93-4EEA-9E56-A62508536212}.Release|Win32.ActiveCfg = Release|Win32
		{C04D6A85-ED93-4EEA-9E56-A62508536212}.Release|Win32.Build.0 = Release|Win32
		{18000145-9FF3-4BE9-AFD8-B41CD338D483}.Debug MX|Win32.ActiveCfg = Debug|Win32
		{18000145-9FF3-4BE9-AFD8-B41CD338D483}.Debug MX|Win32.Build.0 = Debug|Win32
		{18000145-9FF3-4BE9-AFD8-B41CD338D483}.Debug|Win32.ActiveCfg = Debug|Win32
		{18000145-9FF3-4BE9-AFD8-B41CD338D483}.Debug|Win32.Build.0 = Debug|Win32
		{18000145-9FF3-4BE9-AFD8-B41CD338D483}.Release MX|Win32.ActiveCfg = Release|Win32
		{18000145-9FF3-4BE9-AFD8-B41CD338D483}.Release MX|Win32.Build.0 = Release|Win32
		{18000145-9FF3-4BE9-AFD8-B41CD338D483}.Release|Win32.ActiveCfg = Release|Win32
		{18000145-9FF3-4BE9-AFD8-B41CD338D483}.Release|Win32.Build.0 = Release|Win32
		{3E3918E2-CD2F-493B-BC6E-A4D50D634B48}.Debug MX|Win32.ActiveCfg = Debug|Win32
		{3E3918E2-CD2F-493B-BC6E-A4D50D634B48}.Debug MX|Win32.Build.0 = Debug|Win32
		{3E3918E2-CD2F-493B-BC6E-A4D50D634B48}.Debug|Win32.ActiveCfg = Debug|Win32
		{3E3918E2-CD2F-493B-BC6E-A4D50D634B48}.Debug|Win32.Build.0 = Debug|Win32
		{3E3918E2-CD2F-493B-BC6E-A4D50D634B48}.Release MX|Win32.ActiveCfg = Release|Win32
		{3E3918E2-CD2F-493B-BC6E-A4D50D634B48}.Release MX|Win32.Build.0 = Release|Win32
		{3E3918E2-CD2F-493B-BC6E-A4D50D634B48}.Release|Win32.ActiveCfg = Release|Win32
		{3E3918E2-CD2F-493B-BC6E-A4D50D634B48}.Release|Win32.Build.0 = Release|Win32
		{8543268C-238B-46BF-BEA7-AB4D039F68DB}.Debug MX|Win32.ActiveCfg = Debug|Win32
		{8543268C-238B-46BF-BEA7-AB4D039F68DB}.Debug MX|Win32.Build.0 = Debug|Win32
		{8543268C-238B-46BF-BEA7-AB4D039F68DB}.Debug|Win32.ActiveCfg = Debug|Win32
		{8543268C-238B-46BF-BEA7-AB4D039F68DB}.Debug|Win32.Build.0 = Debug|Win32
		{8543268C-238B-46BF-BEA7-AB4D039F68DB}.Release MX|Win32.ActiveCfg = Release|Win32
		{8543268C-238B-46BF-BEA7-AB4D039F68DB}.Release MX|Win32.Build.0 = Release|Win32
		{8543268C-238B-46BF-BEA7-AB4D039F68DB}.Release|Win32.ActiveCfg = Release|Win32
		{8543268C-238B-46BF-BEA7-AB4D039F68DB}.Release|Win32.Build.0 = Release|Win32
		{6D14995C-A55B-4071-A35E-B2285DDD95B7}.Debug MX|Win32.ActiveCfg = Debug|Win32
		{6D14995C-A55B-4071-A35E-B2285DDD95B7}.Debug MX|Win32.Build.0 = Debug|Win32
		{6D14995C-A55B-4071-A35E-B2285DDD95B7}.Debug|Win32.ActiveCfg = Debug|Win32
		{6D14995C-A55B-4071-A35E-B2285DDD95B7}.Debug|Win32.Build.0 = Debug|Win32
		{6D14995C-A55B-4071-A35E-B2285DDD95B7}.Release MX|Win32.ActiveCfg = Release|Win32
		{6D14995C-A55B-4071-A35E-B2285DDD95B7}.Release MX|Win32.Build.0 = Release|Win32
		{6D14995C-A55B-4071-A35E-B2285DDD95B7}.Release|Win32.ActiveCfg = Release|Win32
		{6D14995C-A55B-4071-A35E-B2285DDD95B7}.Release|Win32.Build.0 = Release|Win32
		{631BFC30-91C6-470B-95F7-1CE69E49C2E7}.Debug MX|Win32.ActiveCfg = Debug|Win32
		{631BFC30-91C6-470B-95F7-1CE69E49C2E7}.Debug MX|Win32.Build.0 = Debug|Win32
		{631BFC30-91C6-470B-95F7-1CE69E49C2E7}.Debug|Win32.ActiveCfg = Debug|Win32
		{631BFC30-91C6-470B-95F7-1CE69E49C2E7}.Debug|Win32.Build.0 = Debug|Win32
		{631BFC30-91C6-470B-95F7-1CE69E49C2E7}.Release MX|Win32.ActiveCfg = Release|Win32
		{631BFC30-91C6-470B-95F7-1CE69E49C2E7}.Release MX|Win32.Build.0 = Release|Win32
		{631BFC30-91C6-470B-95F7-1CE69E49C2E7}.Release|Win32.ActiveCfg = Release|Win32
		{631BFC30-91C6-470B-95F7-1CE69E49C2E7}.Release|Win32.Build.0 = Release|Win32
		{50FF6129-7224-4CCD-BA78-EB124FCD341D}.Debug MX|Win32.ActiveCfg = Debug|Win32
		{50FF6129-7224-4CCD-BA78-EB124FCD341D}.Debug MX|Win32.Build.0 = Debug|Win32
		{50FF6129-7224-4CCD-BA78-EB124FCD341D}.Debug|Win32.ActiveCfg = Debug|Win32
		{50FF6129-7224-4CCD-BA78-EB124FCD341D}.Debug|Win32.Build.0 = Debug|Win32
		{50FF6129-7224-4CCD-BA78-EB124FCD341D}.Release MX|Win32.ActiveCfg = Release|Win32
		{50FF6129-7224-4CCD-BA78-EB124FCD341D}.Release MX|Win32.Build.0 = Release|Win32
		{50FF6129-7224-4CCD-BA78-EB124FCD341D}.Release|Win32.ActiveCfg = Release|Win32
		{50FF6129-7224-4CCD-BA78-EB124FCD341D}.Release|Win32.Build.0 = Release|Win32
		{81931388-593C-47F2-AA5A-74DE2344A31C}.Debug MX|Win32.ActiveCfg = Debug|Win32
		{81931388-593C-47F2-AA5A-74DE2344A31C}.Debug MX|Win32.Build.0 = Debug|Win32
		{81931388-593C-47F2-AA5A-74DE2344A31C}.Debug|Win32.ActiveCfg = Debug|Win32
		{81931388-593C-47F2-AA5A-74DE2344A31C}.Debug|Win32.Build.0 = Debug|Win32
		{81931388-593C-47F2-AA5A-74DE2344A31C}.Release MX|Win32.ActiveCfg = Release|Win32
		{81931388-593C-47F2-AA5A-74DE2344A31C}.Release MX|Win32.Build.0 = Release|Win32
		{81931388-593C-47F2-AA5A-74DE2344A31C}.Release|Win32.ActiveCfg = Release|Win32
		{81931388-593C-47F2-AA5A-74DE2344A31C}.Release|Win32.Build.0 = Release|Win32
		{197ACF84-768C-4A51-BD63-2EAC5743D7C3}.Debug MX|Win32.ActiveCfg = Debug|Win32
		{197ACF84-768C-4A51-BD63-2EAC5743D7C3}.Debug MX|Win32.Build.0 = Debug|Win32
		{197ACF84-768C-4A51-BD63-2EAC5743D7C3}.Debug|Win32.ActiveCfg = Debug|Win32
		{197ACF84-768C-4A51-BD63-2EAC5743D7C3}.Debug|Win32.Build.0 = Debug|Win32
		{197ACF84-768C-4A51-BD63-2EAC5743D7C3}.Release MX|Win32.ActiveCfg = Release|Win32
		{197ACF84-768C-4A51-BD63-2EAC5743D7C3}.Release MX|Win32.Build.0 = Release|Win32
		{197ACF84-768C-4A51-BD63-2EAC5743D7C3}.Release|Win32.ActiveCfg = Release|Win32
		{197ACF84-768C-4A51-BD63-2EAC5743D7C3}.Release|Win32.Build.0 = Release|Win32
		{FBE6FF0E-BD00-4F45-B753-D332D4917667}.Debug MX|Win32.ActiveCfg = Debug|Win32
		{FBE6FF0E-BD00-4F45-B753-D332D4917667}.Debug MX|Win32.Build.0 = Debug|Win32
		{FBE6FF0E-BD00-4F45-B753-D332D4917667}.Debug|Win32.ActiveCfg = Debug|Win32
		{FBE6FF0E-BD00-4F45-B753-D332D4917667}.Debug|Win32.Build.0 = Debug|Win32
		{FBE6FF0E-BD00-4F45-B753-D332D4917667}.Release MX|Win32.ActiveCfg = Release|Win32
		{FBE6FF0E-BD00-4F45-B753-D332D4917667}.Release MX|Win32.Build.0 = Release|Win32
		{FBE6FF0E-BD00-4F45-B753-D332D4917667}.Release|Win32.ActiveCfg = Release|Win32
		{FBE6FF0E-BD00-4F45-B753-D332D4917667}.Release|Win32.Build.0 = Release|Win32
		{518F7AE6-8157-43B1-8434-BF965ABBE00F}.Debug MX|Win32.ActiveCfg = Debug|Win32
		{518F7AE6-8157-43B1-8434-BF965ABBE00F}.Debug MX|Win32.Build.0 = Debug|Win32
		{518F7AE6-8157-43B1-8434-BF965ABBE00F}.Debug|Win32.ActiveCfg = Debug|Win32
		{518F7AE6-8157-43B1-8434-BF965ABBE00F}.Debug|Win32.Build.0 = Debug|Win32
		{518F7AE6-8157-43B1-8434-BF965ABBE00F}.Release MX|Win32.ActiveCfg = Release|Win32
		{518F7AE6-8157-43B1-8434-BF965ABBE00F}.Release MX|Win32.Build.0 = Release|Win32
		{518F7AE6-8157-43B1-8434-BF965ABBE00F}.Release|Win32.ActiveCfg = Release|Win32
		{518F7AE6-8157-43B1-8434-BF965ABBE00F}.Release|Win32.Build.0 = Release|Win32
		{8A457A51-009D-40D1-98B3-50D742FF6480}.Debug MX|Win32.ActiveCfg = Debug|Win32
		{8A457A51-009D-40D1-98B3-50D742FF6480}.Debug MX|Win32.Build.0 = Debug|Win32
		{8A457A51-009D-40D1-98B3-50D742FF6480}.Debug|Win32.ActiveCfg = Debug|Win32
		{8A457A51-009D-40D1-98B3-50D742FF6480}.Debug|Win32.Build.0 = Debug|Win32
		{8A457A51-009D-40D1-98B3-50D742FF6480}.Release MX|Win32.ActiveCfg = Release|Win32
		{8A457A51-009D-40D1-98B3-50D742FF6480}.Release MX|Win32.Build.0 = Release|Win32
		{8A457A51-009D-40D1-98B3-50D742FF6480}.Release|Win32.ActiveCfg = Release|Win32
		{8A457A51-009D-40D1-98B3-50D742FF6480}.Release|Win32.Build.0 = Release|Win32
		{2F811CCC-B55E-4116-B0EA-E7D2185FD4E1}.Debug MX|Win32.ActiveCfg = Debug|Win32
		{2F811CCC-B55E-4116-B0EA-E7D2185FD4E1}.Debug MX|Win32.Build.0 = Debug|Win32
		{2F811CCC-B55E-4116-B0EA-E7D2185FD4E1}.Debug|Win32.ActiveCfg = Debug|Win32
		{2F811CCC-B55E-4116-B0EA-E7D2185FD4E1}.Debug|Win32.Build.0 = Debug|Win32
		{2F811CCC-B55E-4116-B0EA-E7D2185FD4E1}.Release MX|Win32.ActiveCfg = Release|Win32
		{2F811CCC-B55E-4116-B0EA-E7D2185FD4E1}.Release MX|Win32.Build.0 = Release|Win32
		{2F811CCC-B55E-4116-B0EA-E7D2185FD4E1}.Release|Win32.ActiveCfg = Release|Win32
		{2F811CCC-B55E-4116-B0EA-E7D2185FD4E1}.Release|Win32.Build.0 = Release|Win32
		{9C24F093-A1C3-4BC9-A0B8-5E98DB04EB78}.Debug MX|Win32.ActiveCfg = Debug|Win32
		{9C24F093-A1C3-4BC9-A0B8-5E98DB04EB78}.Debug MX|Win32.Build.0 = Debug|Win32
		{9C24F093-A1C3-4BC9-A0B8-5E98DB04EB78}.Debug|Win32.ActiveCfg = Debug|Win32
		{9C24F093-A1C3-4BC9-A0B8-5E98DB04EB78}.Debug|Win32.Build.0 = Debug|Win32
		{9C24F093-A1C3-4BC9-A0B8-5E98DB04EB78}.Release MX|Win32.ActiveCfg = Release|Win32
		{9C24F093-A1C3-4BC9-A0B8-5E98DB04EB78}.Release MX|Win32.Build.0 = Release|Win32
		{9C24F093-A1C3-4BC9-A0B8-5E98DB04EB78}.Release|Win32.ActiveCfg = Release|Win32
		{9C24F093-A1C3-4BC9-A0B8-5E98DB04EB78}.Release|Win32.Build.0 = Release|Win32
		{39775020-1205-4972-9032-E8AD0ACE5C95}.Debug MX|Win32.ActiveCfg = Debug|Win32
		{39775020-1205-4972-9032-E8AD0ACE5C95}.Debug MX|Win32.Build.0 = Debug|Win32
		{39775020-1205-4972-9032-E8AD0ACE5C95}.Debug|Win32.ActiveCfg = Debug|Win32
		{39775020-1205-4972-9032-E8AD0ACE5C95}.Debug|Win32.Build.0 = Debug|Win32
		{39775020-1205-4972-9032-E8AD0ACE5C95}.Release MX|Win32.ActiveCfg = Release|Win32
		{39775020-1205-4972-9032-E8AD0ACE5C95}.Release MX|Win32.Build.0 = Release|Win32
		{39775020-1205-4972-9032-E8AD0ACE5C95}.Release|Win32.ActiveCfg = Release|Win32
		{39775020-1205-4972-9032-E8AD0ACE5C95}.Release|Win32.Build.0 = Release|Win32
		{97284E0C-F55E-4D6A-BBB2-46840FA5334D}.Debug MX|Win32.ActiveCfg = Debug|Win32
		{97284E0C-F55E-4D6A-BBB2-46840FA5334D}.Debug MX|Win32.Build.0 = Debug|Win32
		{97284E0C-F55E-4D6A-BBB2-46840FA5334D}.Debug|Win32.ActiveCfg = Debug|Win32
		{97284E0C-F55E-4D6A-BBB2-46840FA5334D}.Debug|Win32.Build.0 = Debug|Win32
		{97284E0C-F55E-4D6A-BBB2-46840FA5334D}.Release MX|Win32.ActiveCfg = Release|Win32
		{97284E0C-F55E-4D6A-BBB2-46840FA5334D}.Release MX|Win32.Build.0 = Release|Win32
		{97284E0C-F55E-4D6A-BBB2-46840FA5334D}.Release|Win32.ActiveCfg = Release|Win32
		{97284E0C-F55E-4D6A-BBB2-46840FA5334D}.Release|Win32.Build.0 = Release|Win32
		{FB31C4E5-91CC-4499-96E4-CF291DF162FF}.Debug MX|Win32.ActiveCfg = Debug|Win32
		{FB31C4E5-91CC-4499-96E4-CF291DF162FF}.Debug MX|Win32.Build.0 = Debug|Win32
		{FB31C4E5-91CC-4499-96E4-CF291DF162FF}.Debug|Win32.ActiveCfg = Debug|Win32
		{FB31C4E5-91CC-4499-96E4-CF291DF162FF}.Debug|Win32.Build.0 = Debug|Win32
		{FB31C4E5-91CC-4499-96E4-CF291DF162FF}.Release MX|Win32.ActiveCfg = Release|Win32
		{FB31C4E5-91CC-4499-96E4-CF291DF162FF}.Release MX|Win32.Build.0 = Release|Win32
		{FB31C4E5-91CC-4499-96E4-CF291DF162FF}.Release|Win32.ActiveCfg = Release|Win32
		{FB31C4E5-91CC-4499-96E4-CF291DF162FF}.Release|Win32.Build.0 = Release|Win32
		{E55297F4-121E-4EE8-A6CE-A67275D9393C}.Debug MX|Win32.ActiveCfg = Debug|Win32
		{E55297F4-121E-4EE8-A6CE-A67275D9393C}.Debug MX|Win32.Build.0 = Debug|Win32
		{E55297F4-121E-4EE8-A6CE-A67275D9393C}.Debug|Win32.ActiveCfg = Debug|Win32
		{E55297F4-121E-4EE8-A6CE-A67275D9393C}.Debug|Win32.Build.0 = Debug|Win32
		{E55297F4-121E-4EE8-A6CE-A67275D9393C}.Release MX|Win32.ActiveCfg = Release|Win32
		{E55297F4-121E-4EE8-A6CE-A67275D9393C}.Release MX|Win32.Build.0 = Release|Win32
		{E55297F4-121E-4EE8-A6CE-A67275D9393C}.Release|Win32.ActiveCfg = Release|Win32
		{E55297F4-121E-4EE8-A6CE-A67275D9393C}.Release|Win32.Build.0 = Release|Win32
		{FF0F694E-5C6F-485C-B5BA-9D8CB91E24A2}.Debug MX|Win32.ActiveCfg = Debug|Win32
		{FF0F694E-5C6F-485C-B5BA-9D8CB91E24A2}.Debug MX|Win32.Build.0 = Debug|Win32
		{FF0F694E-5C6F-485C-B5BA-9D8CB91E24A2}.Debug|Win32.ActiveCfg = Debug|Win32
		{FF0F694E-5C6F-485C-B5BA-9D8CB91E24A2}.Debug|Win32.Build.0 = Debug|Win32
		{FF0F694E-5C6F-485C-B5BA-9D8CB91E24A2}.Release MX|Win32.ActiveCfg = Release|Win32
		{FF0F694E-5C6F-485C-B5BA-9D8CB91E24A2}.Release MX|Win32.Build.0 = Release|Win32
		{FF0F694E-5C6F-485C-B5BA-9D8CB91E24A2}.Release|Win32.ActiveCfg = Release|Win32
		{FF0F694E-5C6F-485C-B5BA-9D8CB91E24A2}.Release|Win32.Build.0 = Release|Win32
		{1A91086F-C269-4A50-B309-23EB6379556B}.Debug MX|Win32.ActiveCfg = Debug|Win32
		{1A91086F-C269-4A50-B309-23EB6379556B}.Debug MX|Win32.Build.0 = Debug|Win32
		{1A91086F-C269-4A50-B309-23EB6379556B}.Debug|Win32.ActiveCfg = Debug|Win32
		{1A91086F-C269-4A50-B309-23EB6379556B}.Debug|Win32.Build.0 = Debug|Win32
		{1A91086F-C269-4A50-B309-23EB6379556B}.Release MX|Win32.ActiveCfg = Release|Win32
		{1A91086F-C269-4A50-B309-23EB6379556B}.Release MX|Win32.Build.0 = Release|Win32
		{1A91086F-C269-4A50-B309-23EB6379556B}.Release|Win32.ActiveCfg = Release|Win32
		{1A91086F-C269-4A50-B309-23EB6379556B}.Release|Win32.Build.0 = Release|Win32
		{43B2EBA5-11C0-4845-B2A3-439847C71BB9}.Debug MX|Win32.ActiveCfg = Debug|Win32
		{43B2EBA5-11C0-4845-B2A3-439847C71BB9}.Debug MX|Win32.Build.0 = Debug|Win32
		{43B2EBA5-11C0-4845-B2A3-439847C71BB9}.Debug|Win32.ActiveCfg = Debug|Win32
		{43B2EBA5-11C0-4845-B2A3-439847C71BB9}.Debug|Win32.Build.0 = Debug|Win32
		{43B2EBA5-11C0-4845-B2A3-439847C71BB9}.Release MX|Win32.ActiveCfg = Release|Win32
		{43B2EBA5-11C0-4845-B2A3-439847C71BB9}.Release MX|Win32.Build.0 = Release|Win32
		{43B2EBA5-11C0-4845-B2A3-439847C71BB9}.Release|Win32.ActiveCfg = Release|Win32
		{43B2EBA5-11C0-4845-B2A3-439847C71BB9}.Release|Win32.Build.0 = Release|Win32
		{BFD2E393-0F0F-4949-9290-034AC80639F4}.Debug MX|Win32.ActiveCfg = Debug|Win32
		{BFD2E393-0F0F-4949-9290-034AC80639F4}.Debug MX|Win32.Build.0 = Debug|Win32
		{BFD2E393-0F0F-4949-9290-034AC80639F4}.Debug|Win32.ActiveCfg = Debug|Win32
		{BFD2E393-0F0F-4949-9290-034AC80639F4}.Debug|Win32.Build.0 = Debug|Win32
		{BFD2E393-0F0F-4949-9290-034AC80639F4}.Release MX|Win32.ActiveCfg = Release|Win32
		{BFD2E393-0F0F-4949-9290-034AC80639F4}.Release MX|Win32.Build.0 = Release|Win32
		{BFD2E393-0F0F-4949-9290-034AC80639F4}.Release|Win32.ActiveCfg = Release|Win32
		{BFD2E393-0F0F-4949-9290-034AC80639F4}.Release|Win32.Build.0 = Release|Win32
	EndGlobalSection
	GlobalSection(SolutionProperties) = preSolution
		HideSolutionNode = FALSE
	EndGlobalSection
EndGlobal
