
Microsoft Visual Studio Solution File, Format Version 11.00
# Visual C++ Express 2010
Project("{8BC9CEB8-8B4A-11D0-8D11-00A0C91BC942}") = "00_空のウィンドウを表示", "Project\00_空のウィンドウを表示.vcxproj", "{473FCCDA-A610-46B1-9D63-20750B09AC7B}"
	ProjectSection(ProjectDependencies) = postProject
		{882157D9-921E-4890-87EE-46D731581733} = {882157D9-921E-4890-87EE-46D731581733}
	EndProjectSection
EndProject
Project("{8BC9CEB8-8B4A-11D0-8D11-00A0C91BC942}") = "01_ウィンドウサイズの設定", "Project\01_ウィンドウサイズの設定.vcxproj", "{0AD7664D-4D85-40A1-B4B0-36FCAC5E48F6}"
	ProjectSection(ProjectDependencies) = postProject
		{882157D9-921E-4890-87EE-46D731581733} = {882157D9-921E-4890-87EE-46D731581733}
	EndProjectSection
EndProject
Project("{8BC9CEB8-8B4A-11D0-8D11-00A0C91BC942}") = "TestLib", "Project\TestLib.vcxproj", "{882157D9-921E-4890-87EE-46D731581733}"
EndProject
Project("{8BC9CEB8-8B4A-11D0-8D11-00A0C91BC942}") = "02_点の描画", "Project\02_点の描画.vcxproj", "{F3396EC5-DCAC-40CF-AEBF-192F76BF1A28}"
EndProject
Project("{8BC9CEB8-8B4A-11D0-8D11-00A0C91BC942}") = "03_線の描画", "Project\03_線の描画.vcxproj", "{E1824639-CE43-45BD-934F-E9AC35C7CA87}"
EndProject
Project("{8BC9CEB8-8B4A-11D0-8D11-00A0C91BC942}") = "04_四角形の描画", "Project\04_四角形の描画.vcxproj", "{4EBFD1D1-7A2A-44F4-8DCD-3E31AB2EA1A6}"
EndProject
Project("{8BC9CEB8-8B4A-11D0-8D11-00A0C91BC942}") = "05_円の描画", "Project\05_円の描画.vcxproj", "{9F5E4422-4A3E-407F-91F5-2B3C9B487EF8}"
EndProject
Project("{8BC9CEB8-8B4A-11D0-8D11-00A0C91BC942}") = "06_ダブルバッファリング", "Project\06_ダブルバッファリング.vcxproj", "{48039F74-C66D-4F19-933A-A469FF754176}"
EndProject
Project("{8BC9CEB8-8B4A-11D0-8D11-00A0C91BC942}") = "07_文字列の描画", "Project\07_文字列の描画.vcxproj", "{8896B3CF-4EE3-4DB2-A94F-9584C3BE7E51}"
EndProject
Global
	GlobalSection(SolutionConfigurationPlatforms) = preSolution
		Debug|Win32 = Debug|Win32
		Release|Win32 = Release|Win32
	EndGlobalSection
	GlobalSection(ProjectConfigurationPlatforms) = postSolution
		{473FCCDA-A610-46B1-9D63-20750B09AC7B}.Debug|Win32.ActiveCfg = Debug|Win32
		{473FCCDA-A610-46B1-9D63-20750B09AC7B}.Debug|Win32.Build.0 = Debug|Win32
		{473FCCDA-A610-46B1-9D63-20750B09AC7B}.Release|Win32.ActiveCfg = Release|Win32
		{473FCCDA-A610-46B1-9D63-20750B09AC7B}.Release|Win32.Build.0 = Release|Win32
		{0AD7664D-4D85-40A1-B4B0-36FCAC5E48F6}.Debug|Win32.ActiveCfg = Debug|Win32
		{0AD7664D-4D85-40A1-B4B0-36FCAC5E48F6}.Debug|Win32.Build.0 = Debug|Win32
		{0AD7664D-4D85-40A1-B4B0-36FCAC5E48F6}.Release|Win32.ActiveCfg = Release|Win32
		{0AD7664D-4D85-40A1-B4B0-36FCAC5E48F6}.Release|Win32.Build.0 = Release|Win32
		{882157D9-921E-4890-87EE-46D731581733}.Debug|Win32.ActiveCfg = Debug|Win32
		{882157D9-921E-4890-87EE-46D731581733}.Debug|Win32.Build.0 = Debug|Win32
		{882157D9-921E-4890-87EE-46D731581733}.Release|Win32.ActiveCfg = Release|Win32
		{882157D9-921E-4890-87EE-46D731581733}.Release|Win32.Build.0 = Release|Win32
		{F3396EC5-DCAC-40CF-AEBF-192F76BF1A28}.Debug|Win32.ActiveCfg = Debug|Win32
		{F3396EC5-DCAC-40CF-AEBF-192F76BF1A28}.Debug|Win32.Build.0 = Debug|Win32
		{F3396EC5-DCAC-40CF-AEBF-192F76BF1A28}.Release|Win32.ActiveCfg = Release|Win32
		{F3396EC5-DCAC-40CF-AEBF-192F76BF1A28}.Release|Win32.Build.0 = Release|Win32
		{E1824639-CE43-45BD-934F-E9AC35C7CA87}.Debug|Win32.ActiveCfg = Debug|Win32
		{E1824639-CE43-45BD-934F-E9AC35C7CA87}.Debug|Win32.Build.0 = Debug|Win32
		{E1824639-CE43-45BD-934F-E9AC35C7CA87}.Release|Win32.ActiveCfg = Release|Win32
		{E1824639-CE43-45BD-934F-E9AC35C7CA87}.Release|Win32.Build.0 = Release|Win32
		{4EBFD1D1-7A2A-44F4-8DCD-3E31AB2EA1A6}.Debug|Win32.ActiveCfg = Debug|Win32
		{4EBFD1D1-7A2A-44F4-8DCD-3E31AB2EA1A6}.Debug|Win32.Build.0 = Debug|Win32
		{4EBFD1D1-7A2A-44F4-8DCD-3E31AB2EA1A6}.Release|Win32.ActiveCfg = Release|Win32
		{4EBFD1D1-7A2A-44F4-8DCD-3E31AB2EA1A6}.Release|Win32.Build.0 = Release|Win32
		{9F5E4422-4A3E-407F-91F5-2B3C9B487EF8}.Debug|Win32.ActiveCfg = Debug|Win32
		{9F5E4422-4A3E-407F-91F5-2B3C9B487EF8}.Debug|Win32.Build.0 = Debug|Win32
		{9F5E4422-4A3E-407F-91F5-2B3C9B487EF8}.Release|Win32.ActiveCfg = Release|Win32
		{9F5E4422-4A3E-407F-91F5-2B3C9B487EF8}.Release|Win32.Build.0 = Release|Win32
		{48039F74-C66D-4F19-933A-A469FF754176}.Debug|Win32.ActiveCfg = Debug|Win32
		{48039F74-C66D-4F19-933A-A469FF754176}.Debug|Win32.Build.0 = Debug|Win32
		{48039F74-C66D-4F19-933A-A469FF754176}.Release|Win32.ActiveCfg = Release|Win32
		{48039F74-C66D-4F19-933A-A469FF754176}.Release|Win32.Build.0 = Release|Win32
		{8896B3CF-4EE3-4DB2-A94F-9584C3BE7E51}.Debug|Win32.ActiveCfg = Debug|Win32
		{8896B3CF-4EE3-4DB2-A94F-9584C3BE7E51}.Debug|Win32.Build.0 = Debug|Win32
		{8896B3CF-4EE3-4DB2-A94F-9584C3BE7E51}.Release|Win32.ActiveCfg = Release|Win32
		{8896B3CF-4EE3-4DB2-A94F-9584C3BE7E51}.Release|Win32.Build.0 = Release|Win32
	EndGlobalSection
	GlobalSection(SolutionProperties) = preSolution
		HideSolutionNode = FALSE
	EndGlobalSection
EndGlobal
