<?xml version="1.0" encoding="utf-8"?>
<Project ToolsVersion="4.0" xmlns="http://schemas.microsoft.com/developer/msbuild/2003">
  <ItemGroup>
    <Filter Include="src">
      <UniqueIdentifier>{8ee00cc4-9f00-4d54-b426-91bd0cb3f41c}</UniqueIdentifier>
    </Filter>
  </ItemGroup>
  <ItemGroup>
    <ClCompile Include="..\Source\00_main.cpp">
      <Filter>src</Filter>
    </ClCompile>
  </ItemGroup>
</Project>